
Microsoft Visual Studio Solution File, Format Version 12.00
# Visual Studio Version 17
VisualStudioVersion = 17.7.34031.279
MinimumVisualStudioVersion = 10.0.40219.1
Project("{9A19103F-16F7-4668-BE54-9A1E7A4F7556}") = "LabSh4.1", "LabSh4.1\LabSh4.1.csproj", "{7D91C7E4-BAF1-4D03-B93E-A8DE0841FF9B}"
EndProject
Project("{FAE04EC0-301F-11D3-BF4B-00C04F79EFBC}") = "LabSh4.2", "LabSh4.2\LabSh4.2.csproj", "{0C185255-90D5-4596-AE90-D2FD3387349F}"
EndProject
Project("{FAE04EC0-301F-11D3-BF4B-00C04F79EFBC}") = "LabSh4.3", "LabSh4.3\LabSh4.3.csproj", "{AE412180-677D-4FFD-BCF4-08C531DDE93C}"
EndProject
Global
	GlobalSection(SolutionConfigurationPlatforms) = preSolution
		Debug|Any CPU = Debug|Any CPU
		Release|Any CPU = Release|Any CPU
	EndGlobalSection
	GlobalSection(ProjectConfigurationPlatforms) = postSolution
		{7D91C7E4-BAF1-4D03-B93E-A8DE0841FF9B}.Debug|Any CPU.ActiveCfg = Debug|Any CPU
		{7D91C7E4-BAF1-4D03-B93E-A8DE0841FF9B}.Debug|Any CPU.Build.0 = Debug|Any CPU
		{7D91C7E4-BAF1-4D03-B93E-A8DE0841FF9B}.Release|Any CPU.ActiveCfg = Release|Any CPU
		{7D91C7E4-BAF1-4D03-B93E-A8DE0841FF9B}.Release|Any CPU.Build.0 = Release|Any CPU
		{0C185255-90D5-4596-AE90-D2FD3387349F}.Debug|Any CPU.ActiveCfg = Debug|Any CPU
		{0C185255-90D5-4596-AE90-D2FD3387349F}.Debug|Any CPU.Build.0 = Debug|Any CPU
		{0C185255-90D5-4596-AE90-D2FD3387349F}.Release|Any CPU.ActiveCfg = Release|Any CPU
		{0C185255-90D5-4596-AE90-D2FD3387349F}.Release|Any CPU.Build.0 = Release|Any CPU
		{AE412180-677D-4FFD-BCF4-08C531DDE93C}.Debug|Any CPU.ActiveCfg = Debug|Any CPU
		{AE412180-677D-4FFD-BCF4-08C531DDE93C}.Debug|Any CPU.Build.0 = Debug|Any CPU
		{AE412180-677D-4FFD-BCF4-08C531DDE93C}.Release|Any CPU.ActiveCfg = Release|Any CPU
		{AE412180-677D-4FFD-BCF4-08C531DDE93C}.Release|Any CPU.Build.0 = Release|Any CPU
	EndGlobalSection
	GlobalSection(SolutionProperties) = preSolution
		HideSolutionNode = FALSE
	EndGlobalSection
	GlobalSection(ExtensibilityGlobals) = postSolution
		SolutionGuid = {7F844ECA-1086-4B9B-BFEF-84E02330FB93}
	EndGlobalSection
EndGlobal
